
Microsoft Visual Studio Solution File, Format Version 12.00
# Visual Studio Version 17
VisualStudioVersion = 17.2.32526.322
MinimumVisualStudioVersion = 10.0.40219.1
Project("{9A19103F-16F7-4668-BE54-9A1E7A4F7556}") = "EXBP.Dipren", "EXBP.Dipren\EXBP.Dipren.csproj", "{D95787C2-D86F-4545-BAC7-9AEB352CACE8}"
EndProject
Project("{9A19103F-16F7-4668-BE54-9A1E7A4F7556}") = "EXBP.Dipren.Tests", "EXBP.Dipren.Tests\EXBP.Dipren.Tests.csproj", "{AE4EF0AD-BABA-4500-8513-913632538B3D}"
EndProject
Project("{2150E333-8FDC-42A3-9474-1A3956D46DE8}") = "Demo", "Demo", "{595E4C69-843D-467D-B643-9CD4425923D8}"
EndProject
Project("{9A19103F-16F7-4668-BE54-9A1E7A4F7556}") = "EXBP.Dipren.Demo.SQLite", "..\demo\EXBP.Dipren.Demo.SQLite\EXBP.Dipren.Demo.SQLite.csproj", "{3928CD46-524B-459F-98F9-F5B48CF996BA}"
EndProject
Project("{2150E333-8FDC-42A3-9474-1A3956D46DE8}") = "Store", "Store", "{D529B460-3825-4679-A2AC-99D72D5F2468}"
EndProject
Project("{2150E333-8FDC-42A3-9474-1A3956D46DE8}") = "SQLite", "SQLite", "{89074972-EF4C-4D9B-98A7-599FE890DD31}"
EndProject
Project("{9A19103F-16F7-4668-BE54-9A1E7A4F7556}") = "EXBP.Dipren.Data.SQLite", "Store\SQLite\EXBP.Dipren.Data.SQLite\EXBP.Dipren.Data.SQLite.csproj", "{20A67636-1C16-4CE8-BFF2-C1FC3139F02D}"
EndProject
Project("{9A19103F-16F7-4668-BE54-9A1E7A4F7556}") = "EXBP.Dipren.Data.SQLite.Tests", "Store\SQLite\EXBP.Dipren.Data.SQLite.Tests\EXBP.Dipren.Data.SQLite.Tests.csproj", "{B97888F3-E402-45ED-B0F4-9322BB625523}"
EndProject
Project("{2150E333-8FDC-42A3-9474-1A3956D46DE8}") = "Postgres", "Postgres", "{4160AF97-5BD3-4C49-BB0C-D3645306EB0B}"
EndProject
Project("{2150E333-8FDC-42A3-9474-1A3956D46DE8}") = "Database", "Database", "{3F7A4267-B6D9-419B-AB81-2C1AD4642EF6}"
	ProjectSection(SolutionItems) = preProject
		Store\Postgres\Database\dipren.sql = Store\Postgres\Database\dipren.sql
	EndProjectSection
EndProject
Project("{9A19103F-16F7-4668-BE54-9A1E7A4F7556}") = "EXBP.Dipren.Data.Postgres", "Store\Postgres\EXBP.Dipren.Data.Postgres\EXBP.Dipren.Data.Postgres.csproj", "{CF548BD6-2325-44AB-A036-16297B003C01}"
EndProject
Project("{9A19103F-16F7-4668-BE54-9A1E7A4F7556}") = "EXBP.Dipren.Data.Postgres.Tests", "Store\Postgres\EXBP.Dipren.Data.Postgres.Tests\EXBP.Dipren.Data.Postgres.Tests.csproj", "{E5004944-53A9-4D90-B79F-652F04C8C1CB}"
EndProject
Project("{FAE04EC0-301F-11D3-BF4B-00C04F79EFBC}") = "EXBP.Dipren.Demo.Postgres", "..\demo\EXBP.Dipren.Demo.Postgres\EXBP.Dipren.Demo.Postgres.csproj", "{8D246B96-EEF0-47C5-9BDE-992A127719E9}"
EndProject
Global
	GlobalSection(SolutionConfigurationPlatforms) = preSolution
		Debug|Any CPU = Debug|Any CPU
		Release|Any CPU = Release|Any CPU
	EndGlobalSection
	GlobalSection(ProjectConfigurationPlatforms) = postSolution
		{D95787C2-D86F-4545-BAC7-9AEB352CACE8}.Debug|Any CPU.ActiveCfg = Debug|Any CPU
		{D95787C2-D86F-4545-BAC7-9AEB352CACE8}.Debug|Any CPU.Build.0 = Debug|Any CPU
		{D95787C2-D86F-4545-BAC7-9AEB352CACE8}.Release|Any CPU.ActiveCfg = Release|Any CPU
		{D95787C2-D86F-4545-BAC7-9AEB352CACE8}.Release|Any CPU.Build.0 = Release|Any CPU
		{AE4EF0AD-BABA-4500-8513-913632538B3D}.Debug|Any CPU.ActiveCfg = Debug|Any CPU
		{AE4EF0AD-BABA-4500-8513-913632538B3D}.Debug|Any CPU.Build.0 = Debug|Any CPU
		{AE4EF0AD-BABA-4500-8513-913632538B3D}.Release|Any CPU.ActiveCfg = Release|Any CPU
		{AE4EF0AD-BABA-4500-8513-913632538B3D}.Release|Any CPU.Build.0 = Release|Any CPU
		{3928CD46-524B-459F-98F9-F5B48CF996BA}.Debug|Any CPU.ActiveCfg = Debug|Any CPU
		{3928CD46-524B-459F-98F9-F5B48CF996BA}.Debug|Any CPU.Build.0 = Debug|Any CPU
		{3928CD46-524B-459F-98F9-F5B48CF996BA}.Release|Any CPU.ActiveCfg = Release|Any CPU
		{3928CD46-524B-459F-98F9-F5B48CF996BA}.Release|Any CPU.Build.0 = Release|Any CPU
		{20A67636-1C16-4CE8-BFF2-C1FC3139F02D}.Debug|Any CPU.ActiveCfg = Debug|Any CPU
		{20A67636-1C16-4CE8-BFF2-C1FC3139F02D}.Debug|Any CPU.Build.0 = Debug|Any CPU
		{20A67636-1C16-4CE8-BFF2-C1FC3139F02D}.Release|Any CPU.ActiveCfg = Release|Any CPU
		{20A67636-1C16-4CE8-BFF2-C1FC3139F02D}.Release|Any CPU.Build.0 = Release|Any CPU
		{B97888F3-E402-45ED-B0F4-9322BB625523}.Debug|Any CPU.ActiveCfg = Debug|Any CPU
		{B97888F3-E402-45ED-B0F4-9322BB625523}.Debug|Any CPU.Build.0 = Debug|Any CPU
		{B97888F3-E402-45ED-B0F4-9322BB625523}.Release|Any CPU.ActiveCfg = Release|Any CPU
		{B97888F3-E402-45ED-B0F4-9322BB625523}.Release|Any CPU.Build.0 = Release|Any CPU
		{CF548BD6-2325-44AB-A036-16297B003C01}.Debug|Any CPU.ActiveCfg = Debug|Any CPU
		{CF548BD6-2325-44AB-A036-16297B003C01}.Debug|Any CPU.Build.0 = Debug|Any CPU
		{CF548BD6-2325-44AB-A036-16297B003C01}.Release|Any CPU.ActiveCfg = Release|Any CPU
		{CF548BD6-2325-44AB-A036-16297B003C01}.Release|Any CPU.Build.0 = Release|Any CPU
		{E5004944-53A9-4D90-B79F-652F04C8C1CB}.Debug|Any CPU.ActiveCfg = Debug|Any CPU
		{E5004944-53A9-4D90-B79F-652F04C8C1CB}.Debug|Any CPU.Build.0 = Debug|Any CPU
		{E5004944-53A9-4D90-B79F-652F04C8C1CB}.Release|Any CPU.ActiveCfg = Release|Any CPU
		{E5004944-53A9-4D90-B79F-652F04C8C1CB}.Release|Any CPU.Build.0 = Release|Any CPU
		{8D246B96-EEF0-47C5-9BDE-992A127719E9}.Debug|Any CPU.ActiveCfg = Debug|Any CPU
		{8D246B96-EEF0-47C5-9BDE-992A127719E9}.Debug|Any CPU.Build.0 = Debug|Any CPU
		{8D246B96-EEF0-47C5-9BDE-992A127719E9}.Release|Any CPU.ActiveCfg = Release|Any CPU
		{8D246B96-EEF0-47C5-9BDE-992A127719E9}.Release|Any CPU.Build.0 = Release|Any CPU
	EndGlobalSection
	GlobalSection(SolutionProperties) = preSolution
		HideSolutionNode = FALSE
	EndGlobalSection
	GlobalSection(NestedProjects) = preSolution
		{3928CD46-524B-459F-98F9-F5B48CF996BA} = {595E4C69-843D-467D-B643-9CD4425923D8}
		{89074972-EF4C-4D9B-98A7-599FE890DD31} = {D529B460-3825-4679-A2AC-99D72D5F2468}
		{20A67636-1C16-4CE8-BFF2-C1FC3139F02D} = {89074972-EF4C-4D9B-98A7-599FE890DD31}
		{B97888F3-E402-45ED-B0F4-9322BB625523} = {89074972-EF4C-4D9B-98A7-599FE890DD31}
		{4160AF97-5BD3-4C49-BB0C-D3645306EB0B} = {D529B460-3825-4679-A2AC-99D72D5F2468}
		{3F7A4267-B6D9-419B-AB81-2C1AD4642EF6} = {4160AF97-5BD3-4C49-BB0C-D3645306EB0B}
		{CF548BD6-2325-44AB-A036-16297B003C01} = {4160AF97-5BD3-4C49-BB0C-D3645306EB0B}
		{E5004944-53A9-4D90-B79F-652F04C8C1CB} = {4160AF97-5BD3-4C49-BB0C-D3645306EB0B}
		{8D246B96-EEF0-47C5-9BDE-992A127719E9} = {595E4C69-843D-467D-B643-9CD4425923D8}
	EndGlobalSection
	GlobalSection(ExtensibilityGlobals) = postSolution
		SolutionGuid = {6D83ED20-9AD5-4338-BAD5-71D330135EF4}
	EndGlobalSection
EndGlobal
