
Microsoft Visual Studio Solution File, Format Version 12.00
# Visual Studio Version 17
VisualStudioVersion = 17.2.32526.322
MinimumVisualStudioVersion = 10.0.40219.1
Project("{FAE04EC0-301F-11D3-BF4B-00C04F79EFBC}") = "EXBP.Dipren", "EXBP.Dipren\EXBP.Dipren.csproj", "{D95787C2-D86F-4545-BAC7-9AEB352CACE8}"
EndProject
Project("{FAE04EC0-301F-11D3-BF4B-00C04F79EFBC}") = "EXBP.Dipren.Tests", "EXBP.Dipren.Tests\EXBP.Dipren.Tests.csproj", "{AE4EF0AD-BABA-4500-8513-913632538B3D}"
EndProject
Global
	GlobalSection(SolutionConfigurationPlatforms) = preSolution
		Debug|Any CPU = Debug|Any CPU
		Release|Any CPU = Release|Any CPU
	EndGlobalSection
	GlobalSection(ProjectConfigurationPlatforms) = postSolution
		{D95787C2-D86F-4545-BAC7-9AEB352CACE8}.Debug|Any CPU.ActiveCfg = Debug|Any CPU
		{D95787C2-D86F-4545-BAC7-9AEB352CACE8}.Debug|Any CPU.Build.0 = Debug|Any CPU
		{D95787C2-D86F-4545-BAC7-9AEB352CACE8}.Release|Any CPU.ActiveCfg = Release|Any CPU
		{D95787C2-D86F-4545-BAC7-9AEB352CACE8}.Release|Any CPU.Build.0 = Release|Any CPU
		{AE4EF0AD-BABA-4500-8513-913632538B3D}.Debug|Any CPU.ActiveCfg = Debug|Any CPU
		{AE4EF0AD-BABA-4500-8513-913632538B3D}.Debug|Any CPU.Build.0 = Debug|Any CPU
		{AE4EF0AD-BABA-4500-8513-913632538B3D}.Release|Any CPU.ActiveCfg = Release|Any CPU
		{AE4EF0AD-BABA-4500-8513-913632538B3D}.Release|Any CPU.Build.0 = Release|Any CPU
	EndGlobalSection
	GlobalSection(SolutionProperties) = preSolution
		HideSolutionNode = FALSE
	EndGlobalSection
	GlobalSection(ExtensibilityGlobals) = postSolution
		SolutionGuid = {6D83ED20-9AD5-4338-BAD5-71D330135EF4}
	EndGlobalSection
EndGlobal
